
Microsoft Visual Studio Solution File, Format Version 12.00
# Visual Studio Version 17
VisualStudioVersion = 17.8.34309.116
MinimumVisualStudioVersion = 10.0.40219.1
Project("{FAE04EC0-301F-11D3-BF4B-00C04F79EFBC}") = "WebAPIDummy", "WebAPIDummy\WebAPIDummy.csproj", "{48DBCF2A-9B3D-4A3D-B9CF-66858053D340}"
EndProject
Global
	GlobalSection(SolutionConfigurationPlatforms) = preSolution
		Debug|Any CPU = Debug|Any CPU
		Release|Any CPU = Release|Any CPU
	EndGlobalSection
	GlobalSection(ProjectConfigurationPlatforms) = postSolution
		{48DBCF2A-9B3D-4A3D-B9CF-66858053D340}.Debug|Any CPU.ActiveCfg = Debug|Any CPU
		{48DBCF2A-9B3D-4A3D-B9CF-66858053D340}.Debug|Any CPU.Build.0 = Debug|Any CPU
		{48DBCF2A-9B3D-4A3D-B9CF-66858053D340}.Release|Any CPU.ActiveCfg = Release|Any CPU
		{48DBCF2A-9B3D-4A3D-B9CF-66858053D340}.Release|Any CPU.Build.0 = Release|Any CPU
	EndGlobalSection
	GlobalSection(SolutionProperties) = preSolution
		HideSolutionNode = FALSE
	EndGlobalSection
	GlobalSection(ExtensibilityGlobals) = postSolution
		SolutionGuid = {6B5B3A79-A58F-4B09-ABD5-D2D3BE7EAD65}
	EndGlobalSection
EndGlobal
